{
  "originHash" : "495c6d7985eba2069c5243f90ca1102c420a9a665adb0cb19b5536c783b29afe",
  "pins" : [
    {
      "identity" : "swift-format-plugin",
      "kind" : "remoteSourceControl",
      "location" : "https://github.com/swiftty/swift-format-plugin",
      "state" : {
        "revision" : "962d1a34765c0eff20a4a13d6e6c1128c20c61c5",
        "version" : "1.0.0"
      }
    }
  ],
  "version" : 3
}
